// !$*UTF8*$!
{
	archiveVersion = 1;
	classes = {
	};
	objectVersion = 46;
	objects = {

/* Begin PBXBuildFile section */
		B07A894F1A5A668A006E73CF /* AppDelegate.swift in Sources */ = {isa = PBXBuildFile; fileRef = B07A894E1A5A668A006E73CF /* AppDelegate.swift */; };
		B07A89511A5A668A006E73CF /* ViewController.swift in Sources */ = {isa = PBXBuildFile; fileRef = B07A89501A5A668A006E73CF /* ViewController.swift */; };
		B07A89541A5A668A006E73CF /* Main.storyboard in Resources */ = {isa = PBXBuildFile; fileRef = B07A89521A5A668A006E73CF /* Main.storyboard */; };
		B07A89561A5A668A006E73CF /* Images.xcassets in Resources */ = {isa = PBXBuildFile; fileRef = B07A89551A5A668A006E73CF /* Images.xcassets */; };
		B07A89591A5A668A006E73CF /* LaunchScreen.xib in Resources */ = {isa = PBXBuildFile; fileRef = B07A89571A5A668A006E73CF /* LaunchScreen.xib */; };
		B07A89651A5A668C006E73CF /* CatYearsTests.swift in Sources */ = {isa = PBXBuildFile; fileRef = B07A89641A5A668C006E73CF /* CatYearsTests.swift */; };
		B07A896F1A5A69C7006E73CF /* DSC04827.JPG in Resources */ = {isa = PBXBuildFile; fileRef = B07A896E1A5A69C7006E73CF /* DSC04827.JPG */; };
/* End PBXBuildFile section */

/* Begin PBXContainerItemProxy section */
		B07A895F1A5A668C006E73CF /* PBXContainerItemProxy */ = {
			isa = PBXContainerItemProxy;
			containerPortal = B07A89411A5A6689006E73CF /* Project object */;
			proxyType = 1;
			remoteGlobalIDString = B07A89481A5A6689006E73CF;
			remoteInfo = CatYears;
		};
/* End PBXContainerItemProxy section */

/* Begin PBXFileReference section */
		B07A89491A5A668A006E73CF /* CatYears.app */ = {isa = PBXFileReference; explicitFileType = wrapper.application; includeInIndex = 0; path = CatYears.app; sourceTree = BUILT_PRODUCTS_DIR; };
		B07A894D1A5A668A006E73CF /* Info.plist */ = {isa = PBXFileReference; lastKnownFileType = text.plist.xml; path = Info.plist; sourceTree = "<group>"; };
		B07A894E1A5A668A006E73CF /* AppDelegate.swift */ = {isa = PBXFileReference; lastKnownFileType = sourcecode.swift; path = AppDelegate.swift; sourceTree = "<group>"; };
		B07A89501A5A668A006E73CF /* ViewController.swift */ = {isa = PBXFileReference; lastKnownFileType = sourcecode.swift; path = ViewController.swift; sourceTree = "<group>"; };
		B07A89531A5A668A006E73CF /* Base */ = {isa = PBXFileReference; lastKnownFileType = file.storyboard; name = Base; path = Base.lproj/Main.storyboard; sourceTree = "<group>"; };
		B07A89551A5A668A006E73CF /* Images.xcassets */ = {isa = PBXFileReference; lastKnownFileType = folder.assetcatalog; path = Images.xcassets; sourceTree = "<group>"; };
		B07A89581A5A668A006E73CF /* Base */ = {isa = PBXFileReference; lastKnownFileType = file.xib; name = Base; path = Base.lproj/LaunchScreen.xib; sourceTree = "<group>"; };
		B07A895E1A5A668C006E73CF /* CatYearsTests.xctest */ = {isa = PBXFileReference; explicitFileType = wrapper.cfbundle; includeInIndex = 0; path = CatYearsTests.xctest; sourceTree = BUILT_PRODUCTS_DIR; };
		B07A89631A5A668C006E73CF /* Info.plist */ = {isa = PBXFileReference; lastKnownFileType = text.plist.xml; path = Info.plist; sourceTree = "<group>"; };
		B07A89641A5A668C006E73CF /* CatYearsTests.swift */ = {isa = PBXFileReference; lastKnownFileType = sourcecode.swift; path = CatYearsTests.swift; sourceTree = "<group>"; };
		B07A896E1A5A69C7006E73CF /* DSC04827.JPG */ = {isa = PBXFileReference; lastKnownFileType = image.jpeg; path = DSC04827.JPG; sourceTree = "<group>"; };
/* End PBXFileReference section */

/* Begin PBXFrameworksBuildPhase section */
		B07A89461A5A6689006E73CF /* Frameworks */ = {
			isa = PBXFrameworksBuildPhase;
			buildActionMask = 2147483647;
			files = (
			);
			runOnlyForDeploymentPostprocessing = 0;
		};
		B07A895B1A5A668C006E73CF /* Frameworks */ = {
			isa = PBXFrameworksBuildPhase;
			buildActionMask = 2147483647;
			files = (
			);
			runOnlyForDeploymentPostprocessing = 0;
		};
/* End PBXFrameworksBuildPhase section */

/* Begin PBXGroup section */
		B07A89401A5A6689006E73CF = {
			isa = PBXGroup;
			children = (
				B07A894B1A5A668A006E73CF /* CatYears */,
				B07A89611A5A668C006E73CF /* CatYearsTests */,
				B07A894A1A5A668A006E73CF /* Products */,
			);
			sourceTree = "<group>";
		};
		B07A894A1A5A668A006E73CF /* Products */ = {
			isa = PBXGroup;
			children = (
				B07A89491A5A668A006E73CF /* CatYears.app */,
				B07A895E1A5A668C006E73CF /* CatYearsTests.xctest */,
			);
			name = Products;
			sourceTree = "<group>";
		};
		B07A894B1A5A668A006E73CF /* CatYears */ = {
			isa = PBXGroup;
			children = (
				B07A894E1A5A668A006E73CF /* AppDelegate.swift */,
				B07A89501A5A668A006E73CF /* ViewController.swift */,
				B07A896E1A5A69C7006E73CF /* DSC04827.JPG */,
				B07A89521A5A668A006E73CF /* Main.storyboard */,
				B07A89551A5A668A006E73CF /* Images.xcassets */,
				B07A89571A5A668A006E73CF /* LaunchScreen.xib */,
				B07A894C1A5A668A006E73CF /* Supporting Files */,
			);
			path = CatYears;
			sourceTree = "<group>";
		};
		B07A894C1A5A668A006E73CF /* Supporting Files */ = {
			isa = PBXGroup;
			children = (
				B07A894D1A5A668A006E73CF /* Info.plist */,
			);
			name = "Supporting Files";
			sourceTree = "<group>";
		};
		B07A89611A5A668C006E73CF /* CatYearsTests */ = {
			isa = PBXGroup;
			children = (
				B07A89641A5A668C006E73CF /* CatYearsTests.swift */,
				B07A89621A5A668C006E73CF /* Supporting Files */,
			);
			path = CatYearsTests;
			sourceTree = "<group>";
		};
		B07A89621A5A668C006E73CF /* Supporting Files */ = {
			isa = PBXGroup;
			children = (
				B07A89631A5A668C006E73CF /* Info.plist */,
			);
			name = "Supporting Files";
			sourceTree = "<group>";
		};
/* End PBXGroup section */

/* Begin PBXNativeTarget section */
		B07A89481A5A6689006E73CF /* CatYears */ = {
			isa = PBXNativeTarget;
			buildConfigurationList = B07A89681A5A668C006E73CF /* Build configuration list for PBXNativeTarget "CatYears" */;
			buildPhases = (
				B07A89451A5A6689006E73CF /* Sources */,
				B07A89461A5A6689006E73CF /* Frameworks */,
				B07A89471A5A6689006E73CF /* Resources */,
			);
			buildRules = (
			);
			dependencies = (
			);
			name = CatYears;
			productName = CatYears;
			productReference = B07A89491A5A668A006E73CF /* CatYears.app */;
			productType = "com.apple.product-type.application";
		};
		B07A895D1A5A668C006E73CF /* CatYearsTests */ = {
			isa = PBXNativeTarget;
			buildConfigurationList = B07A896B1A5A668C006E73CF /* Build configuration list for PBXNativeTarget "CatYearsTests" */;
			buildPhases = (
				B07A895A1A5A668C006E73CF /* Sources */,
				B07A895B1A5A668C006E73CF /* Frameworks */,
				B07A895C1A5A668C006E73CF /* Resources */,
			);
			buildRules = (
			);
			dependencies = (
				B07A89601A5A668C006E73CF /* PBXTargetDependency */,
			);
			name = CatYearsTests;
			productName = CatYearsTests;
			productReference = B07A895E1A5A668C006E73CF /* CatYearsTests.xctest */;
			productType = "com.apple.product-type.bundle.unit-test";
		};
/* End PBXNativeTarget section */

/* Begin PBXProject section */
		B07A89411A5A6689006E73CF /* Project object */ = {
			isa = PBXProject;
			attributes = {
				LastUpgradeCheck = 0600;
				ORGANIZATIONNAME = appbaseLtd;
				TargetAttributes = {
					B07A89481A5A6689006E73CF = {
						CreatedOnToolsVersion = 6.0.1;
					};
					B07A895D1A5A668C006E73CF = {
						CreatedOnToolsVersion = 6.0.1;
						TestTargetID = B07A89481A5A6689006E73CF;
					};
				};
			};
			buildConfigurationList = B07A89441A5A6689006E73CF /* Build configuration list for PBXProject "CatYears" */;
			compatibilityVersion = "Xcode 3.2";
			developmentRegion = English;
			hasScannedForEncodings = 0;
			knownRegions = (
				en,
				Base,
			);
			mainGroup = B07A89401A5A6689006E73CF;
			productRefGroup = B07A894A1A5A668A006E73CF /* Products */;
			projectDirPath = "";
			projectRoot = "";
			targets = (
				B07A89481A5A6689006E73CF /* CatYears */,
				B07A895D1A5A668C006E73CF /* CatYearsTests */,
			);
		};
/* End PBXProject section */

/* Begin PBXResourcesBuildPhase section */
		B07A89471A5A6689006E73CF /* Resources */ = {
			isa = PBXResourcesBuildPhase;
			buildActionMask = 2147483647;
			files = (
				B07A89541A5A668A006E73CF /* Main.storyboard in Resources */,
				B07A89591A5A668A006E73CF /* LaunchScreen.xib in Resources */,
				B07A896F1A5A69C7006E73CF /* DSC04827.JPG in Resources */,
				B07A89561A5A668A006E73CF /* Images.xcassets in Resources */,
			);
			runOnlyForDeploymentPostprocessing = 0;
		};
		B07A895C1A5A668C006E73CF /* Resources */ = {
			isa = PBXResourcesBuildPhase;
			buildActionMask = 2147483647;
			files = (
			);
			runOnlyForDeploymentPostprocessing = 0;
		};
/* End PBXResourcesBuildPhase section */

/* Begin PBXSourcesBuildPhase section */
		B07A89451A5A6689006E73CF /* Sources */ = {
			isa = PBXSourcesBuildPhase;
			buildActionMask = 2147483647;
			files = (
				B07A89511A5A668A006E73CF /* ViewController.swift in Sources */,
				B07A894F1A5A668A006E73CF /* AppDelegate.swift in Sources */,
			);
			runOnlyForDeploymentPostprocessing = 0;
		};
		B07A895A1A5A668C006E73CF /* Sources */ = {
			isa = PBXSourcesBuildPhase;
			buildActionMask = 2147483647;
			files = (
				B07A89651A5A668C006E73CF /* CatYearsTests.swift in Sources */,
			);
			runOnlyForDeploymentPostprocessing = 0;
		};
/* End PBXSourcesBuildPhase section */

/* Begin PBXTargetDependency section */
		B07A89601A5A668C006E73CF /* PBXTargetDependency */ = {
			isa = PBXTargetDependency;
			target = B07A89481A5A6689006E73CF /* CatYears */;
			targetProxy = B07A895F1A5A668C006E73CF /* PBXContainerItemProxy */;
		};
/* End PBXTargetDependency section */

/* Begin PBXVariantGroup section */
		B07A89521A5A668A006E73CF /* Main.storyboard */ = {
			isa = PBXVariantGroup;
			children = (
				B07A89531A5A668A006E73CF /* Base */,
			);
			name = Main.storyboard;
			sourceTree = "<group>";
		};
		B07A89571A5A668A006E73CF /* LaunchScreen.xib */ = {
			isa = PBXVariantGroup;
			children = (
				B07A89581A5A668A006E73CF /* Base */,
			);
			name = LaunchScreen.xib;
			sourceTree = "<group>";
		};
/* End PBXVariantGroup section */

/* Begin XCBuildConfiguration section */
		B07A89661A5A668C006E73CF /* Debug */ = {
			isa = XCBuildConfiguration;
			buildSettings = {
				ALWAYS_SEARCH_USER_PATHS = NO;
				CLANG_CXX_LANGUAGE_STANDARD = "gnu++0x";
				CLANG_CXX_LIBRARY = "libc++";
				CLANG_ENABLE_MODULES = YES;
				CLANG_ENABLE_OBJC_ARC = YES;
				CLANG_WARN_BOOL_CONVERSION = YES;
				CLANG_WARN_CONSTANT_CONVERSION = YES;
				CLANG_WARN_DIRECT_OBJC_ISA_USAGE = YES_ERROR;
				CLANG_WARN_EMPTY_BODY = YES;
				CLANG_WARN_ENUM_CONVERSION = YES;
				CLANG_WARN_INT_CONVERSION = YES;
				CLANG_WARN_OBJC_ROOT_CLASS = YES_ERROR;
				CLANG_WARN_UNREACHABLE_CODE = YES;
				CLANG_WARN__DUPLICATE_METHOD_MATCH = YES;
				"CODE_SIGN_IDENTITY[sdk=iphoneos*]" = "iPhone Developer";
				COPY_PHASE_STRIP = NO;
				ENABLE_STRICT_OBJC_MSGSEND = YES;
				GCC_C_LANGUAGE_STANDARD = gnu99;
				GCC_DYNAMIC_NO_PIC = NO;
				GCC_OPTIMIZATION_LEVEL = 0;
				GCC_PREPROCESSOR_DEFINITIONS = (
					"DEBUG=1",
					"$(inherited)",
				);
				GCC_SYMBOLS_PRIVATE_EXTERN = NO;
				GCC_WARN_64_TO_32_BIT_CONVERSION = YES;
				GCC_WARN_ABOUT_RETURN_TYPE = YES_ERROR;
				GCC_WARN_UNDECLARED_SELECTOR = YES;
				GCC_WARN_UNINITIALIZED_AUTOS = YES_AGGRESSIVE;
				GCC_WARN_UNUSED_FUNCTION = YES;
				GCC_WARN_UNUSED_VARIABLE = YES;
				IPHONEOS_DEPLOYMENT_TARGET = 8.0;
				MTL_ENABLE_DEBUG_INFO = YES;
				ONLY_ACTIVE_ARCH = YES;
				SDKROOT = iphoneos;
				SWIFT_OPTIMIZATION_LEVEL = "-Onone";
			};
			name = Debug;
		};
		B07A89671A5A668C006E73CF /* Release */ = {
			isa = XCBuildConfiguration;
			buildSettings = {
				ALWAYS_SEARCH_USER_PATHS = NO;
				CLANG_CXX_LANGUAGE_STANDARD = "gnu++0x";
				CLANG_CXX_LIBRARY = "libc++";
				CLANG_ENABLE_MODULES = YES;
				CLANG_ENABLE_OBJC_ARC = YES;
				CLANG_WARN_BOOL_CONVERSION = YES;
				CLANG_WARN_CONSTANT_CONVERSION = YES;
				CLANG_WARN_DIRECT_OBJC_ISA_USAGE = YES_ERROR;
				CLANG_WARN_EMPTY_BODY = YES;
				CLANG_WARN_ENUM_CONVERSION = YES;
				CLANG_WARN_INT_CONVERSION = YES;
				CLANG_WARN_OBJC_ROOT_CLASS = YES_ERROR;
				CLANG_WARN_UNREACHABLE_CODE = YES;
				CLANG_WARN__DUPLICATE_METHOD_MATCH = YES;
				"CODE_SIGN_IDENTITY[sdk=iphoneos*]" = "iPhone Developer";
				COPY_PHASE_STRIP = YES;
				ENABLE_NS_ASSERTIONS = NO;
				ENABLE_STRICT_OBJC_MSGSEND = YES;
				GCC_C_LANGUAGE_STANDARD = gnu99;
				GCC_WARN_64_TO_32_BIT_CONVERSION = YES;
				GCC_WARN_ABOUT_RETURN_TYPE = YES_ERROR;
				GCC_WARN_UNDECLARED_SELECTOR = YES;
				GCC_WARN_UNINITIALIZED_AUTOS = YES_AGGRESSIVE;
				GCC_WARN_UNUSED_FUNCTION = YES;
				GCC_WARN_UNUSED_VARIABLE = YES;
				IPHONEOS_DEPLOYMENT_TARGET = 8.0;
				MTL_ENABLE_DEBUG_INFO = NO;
				SDKROOT = iphoneos;
				VALIDATE_PRODUCT = YES;
			};
			name = Release;
		};
		B07A89691A5A668C006E73CF /* Debug */ = {
			isa = XCBuildConfiguration;
			buildSettings = {
				ASSETCATALOG_COMPILER_APPICON_NAME = AppIcon;
				INFOPLIST_FILE = CatYears/Info.plist;
				LD_RUNPATH_SEARCH_PATHS = "$(inherited) @executable_path/Frameworks";
				PRODUCT_NAME = "$(TARGET_NAME)";
			};
			name = Debug;
		};
		B07A896A1A5A668C006E73CF /* Release */ = {
			isa = XCBuildConfiguration;
			buildSettings = {
				ASSETCATALOG_COMPILER_APPICON_NAME = AppIcon;
				INFOPLIST_FILE = CatYears/Info.plist;
				LD_RUNPATH_SEARCH_PATHS = "$(inherited) @executable_path/Frameworks";
				PRODUCT_NAME = "$(TARGET_NAME)";
			};
			name = Release;
		};
		B07A896C1A5A668C006E73CF /* Debug */ = {
			isa = XCBuildConfiguration;
			buildSettings = {
				BUNDLE_LOADER = "$(TEST_HOST)";
				FRAMEWORK_SEARCH_PATHS = (
					"$(SDKROOT)/Developer/Library/Frameworks",
					"$(inherited)",
				);
				GCC_PREPROCESSOR_DEFINITIONS = (
					"DEBUG=1",
					"$(inherited)",
				);
				INFOPLIST_FILE = CatYearsTests/Info.plist;
				LD_RUNPATH_SEARCH_PATHS = "$(inherited) @executable_path/Frameworks @loader_path/Frameworks";
				PRODUCT_NAME = "$(TARGET_NAME)";
				TEST_HOST = "$(BUILT_PRODUCTS_DIR)/CatYears.app/CatYears";
			};
			name = Debug;
		};
		B07A896D1A5A668C006E73CF /* Release */ = {
			isa = XCBuildConfiguration;
			buildSettings = {
				BUNDLE_LOADER = "$(TEST_HOST)";
				FRAMEWORK_SEARCH_PATHS = (
					"$(SDKROOT)/Developer/Library/Frameworks",
					"$(inherited)",
				);
				INFOPLIST_FILE = CatYearsTests/Info.plist;
				LD_RUNPATH_SEARCH_PATHS = "$(inherited) @executable_path/Frameworks @loader_path/Frameworks";
				PRODUCT_NAME = "$(TARGET_NAME)";
				TEST_HOST = "$(BUILT_PRODUCTS_DIR)/CatYears.app/CatYears";
			};
			name = Release;
		};
/* End XCBuildConfiguration section */

/* Begin XCConfigurationList section */
		B07A89441A5A6689006E73CF /* Build configuration list for PBXProject "CatYears" */ = {
			isa = XCConfigurationList;
			buildConfigurations = (
				B07A89661A5A668C006E73CF /* Debug */,
				B07A89671A5A668C006E73CF /* Release */,
			);
			defaultConfigurationIsVisible = 0;
			defaultConfigurationName = Release;
		};
		B07A89681A5A668C006E73CF /* Build configuration list for PBXNativeTarget "CatYears" */ = {
			isa = XCConfigurationList;
			buildConfigurations = (
				B07A89691A5A668C006E73CF /* Debug */,
				B07A896A1A5A668C006E73CF /* Release */,
			);
			defaultConfigurationIsVisible = 0;
		};
		B07A896B1A5A668C006E73CF /* Build configuration list for PBXNativeTarget "CatYearsTests" */ = {
			isa = XCConfigurationList;
			buildConfigurations = (
				B07A896C1A5A668C006E73CF /* Debug */,
				B07A896D1A5A668C006E73CF /* Release */,
			);
			defaultConfigurationIsVisible = 0;
		};
/* End XCConfigurationList section */
	};
	rootObject = B07A89411A5A6689006E73CF /* Project object */;
}
